
Microsoft Visual Studio Solution File, Format Version 12.00
# Visual Studio 14
VisualStudioVersion = 14.0.25420.1
MinimumVisualStudioVersion = 10.0.40219.1
Project("{8BC9CEB8-8B4A-11D0-8D11-00A0C91BC942}") = "PCExtractCylinder", "PCExtractCylinder.vcxproj", "{1076D21A-F8F0-4F6D-A04F-66DF3BBC3230}"
EndProject
Project("{FAE04EC0-301F-11D3-BF4B-00C04F79EFBC}") = "ExtractPCCylinder", "ExtractPCCylinder\ExtractPCCylinder.csproj", "{13EB8420-3936-4C93-BCDF-C698B00DCABD}"
EndProject
Global
	GlobalSection(SolutionConfigurationPlatforms) = preSolution
		Debug|Any CPU = Debug|Any CPU
		Debug|x64 = Debug|x64
		Debug|x86 = Debug|x86
		Release|Any CPU = Release|Any CPU
		Release|x64 = Release|x64
		Release|x86 = Release|x86
	EndGlobalSection
	GlobalSection(ProjectConfigurationPlatforms) = postSolution
		{1076D21A-F8F0-4F6D-A04F-66DF3BBC3230}.Debug|Any CPU.ActiveCfg = Debug|Win32
		{1076D21A-F8F0-4F6D-A04F-66DF3BBC3230}.Debug|x64.ActiveCfg = Debug|x64
		{1076D21A-F8F0-4F6D-A04F-66DF3BBC3230}.Debug|x64.Build.0 = Debug|x64
		{1076D21A-F8F0-4F6D-A04F-66DF3BBC3230}.Debug|x86.ActiveCfg = Debug|Win32
		{1076D21A-F8F0-4F6D-A04F-66DF3BBC3230}.Debug|x86.Build.0 = Debug|Win32
		{1076D21A-F8F0-4F6D-A04F-66DF3BBC3230}.Release|Any CPU.ActiveCfg = Release|Win32
		{1076D21A-F8F0-4F6D-A04F-66DF3BBC3230}.Release|x64.ActiveCfg = Release|x64
		{1076D21A-F8F0-4F6D-A04F-66DF3BBC3230}.Release|x64.Build.0 = Release|x64
		{1076D21A-F8F0-4F6D-A04F-66DF3BBC3230}.Release|x86.ActiveCfg = Release|Win32
		{1076D21A-F8F0-4F6D-A04F-66DF3BBC3230}.Release|x86.Build.0 = Release|Win32
		{13EB8420-3936-4C93-BCDF-C698B00DCABD}.Debug|Any CPU.ActiveCfg = Debug|Any CPU
		{13EB8420-3936-4C93-BCDF-C698B00DCABD}.Debug|Any CPU.Build.0 = Debug|Any CPU
		{13EB8420-3936-4C93-BCDF-C698B00DCABD}.Debug|x64.ActiveCfg = Debug|Any CPU
		{13EB8420-3936-4C93-BCDF-C698B00DCABD}.Debug|x64.Build.0 = Debug|Any CPU
		{13EB8420-3936-4C93-BCDF-C698B00DCABD}.Debug|x86.ActiveCfg = Debug|Any CPU
		{13EB8420-3936-4C93-BCDF-C698B00DCABD}.Debug|x86.Build.0 = Debug|Any CPU
		{13EB8420-3936-4C93-BCDF-C698B00DCABD}.Release|Any CPU.ActiveCfg = Release|Any CPU
		{13EB8420-3936-4C93-BCDF-C698B00DCABD}.Release|Any CPU.Build.0 = Release|Any CPU
		{13EB8420-3936-4C93-BCDF-C698B00DCABD}.Release|x64.ActiveCfg = Release|Any CPU
		{13EB8420-3936-4C93-BCDF-C698B00DCABD}.Release|x64.Build.0 = Release|Any CPU
		{13EB8420-3936-4C93-BCDF-C698B00DCABD}.Release|x86.ActiveCfg = Release|Any CPU
		{13EB8420-3936-4C93-BCDF-C698B00DCABD}.Release|x86.Build.0 = Release|Any CPU
	EndGlobalSection
	GlobalSection(SolutionProperties) = preSolution
		HideSolutionNode = FALSE
	EndGlobalSection
EndGlobal
